
Microsoft Visual Studio Solution File, Format Version 12.00
# Visual Studio Version 17
VisualStudioVersion = 17.14.36908.2 d17.14
MinimumVisualStudioVersion = 10.0.40219.1
Project("{8BC9CEB8-8B4A-11D0-8D11-00A0C91BC942}") = "brick-breaker", "brick-breaker\brick-breaker.vcxproj", "{9E390B15-51E5-467A-B815-CE0D3D0AD406}"
EndProject
Global
	GlobalSection(SolutionConfigurationPlatforms) = preSolution
		Debug|x64 = Debug|x64
		Debug|x86 = Debug|x86
		Release|x64 = Release|x64
		Release|x86 = Release|x86
	EndGlobalSection
	GlobalSection(ProjectConfigurationPlatforms) = postSolution
		{9E390B15-51E5-467A-B815-CE0D3D0AD406}.Debug|x64.ActiveCfg = Debug|x64
		{9E390B15-51E5-467A-B815-CE0D3D0AD406}.Debug|x64.Build.0 = Debug|x64
		{9E390B15-51E5-467A-B815-CE0D3D0AD406}.Debug|x86.ActiveCfg = Debug|Win32
		{9E390B15-51E5-467A-B815-CE0D3D0AD406}.Debug|x86.Build.0 = Debug|Win32
		{9E390B15-51E5-467A-B815-CE0D3D0AD406}.Release|x64.ActiveCfg = Release|x64
		{9E390B15-51E5-467A-B815-CE0D3D0AD406}.Release|x64.Build.0 = Release|x64
		{9E390B15-51E5-467A-B815-CE0D3D0AD406}.Release|x86.ActiveCfg = Release|Win32
		{9E390B15-51E5-467A-B815-CE0D3D0AD406}.Release|x86.Build.0 = Release|Win32
	EndGlobalSection
	GlobalSection(SolutionProperties) = preSolution
		HideSolutionNode = FALSE
	EndGlobalSection
	GlobalSection(ExtensibilityGlobals) = postSolution
		SolutionGuid = {BCDA01FC-3BBD-4C98-8F30-2DCDCF11F439}
	EndGlobalSection
EndGlobal
